
Microsoft Visual Studio Solution File, Format Version 12.00
# Visual Studio Version 17
VisualStudioVersion = 17.2.32630.192
MinimumVisualStudioVersion = 10.0.40219.1
Project("{8BC9CEB8-8B4A-11D0-8D11-00A0C91BC942}") = "c++推箱子", "c++推箱子.vcxproj", "{37012748-AB8D-42E3-ACBC-66B75172F689}"
EndProject
Project("{54435603-DBB4-11D2-8724-00A0C9A8B90C}") = "推箱子", "..\推箱子\推箱子.vdproj", "{86FA3D1F-DF80-4BC7-A96D-9D587ACC74D9}"
EndProject
Project("{54435603-DBB4-11D2-8724-00A0C9A8B90C}") = "推箱子最新版", "..\推箱子最新版\推箱子最新版.vdproj", "{3D897351-F6CD-4AEF-B7A9-41F8C552DAA4}"
EndProject
Global
	GlobalSection(SolutionConfigurationPlatforms) = preSolution
		Debug|x64 = Debug|x64
		Debug|x86 = Debug|x86
		Release|x64 = Release|x64
		Release|x86 = Release|x86
	EndGlobalSection
	GlobalSection(ProjectConfigurationPlatforms) = postSolution
		{37012748-AB8D-42E3-ACBC-66B75172F689}.Debug|x64.ActiveCfg = Debug|x64
		{37012748-AB8D-42E3-ACBC-66B75172F689}.Debug|x64.Build.0 = Debug|x64
		{37012748-AB8D-42E3-ACBC-66B75172F689}.Debug|x86.ActiveCfg = Debug|Win32
		{37012748-AB8D-42E3-ACBC-66B75172F689}.Debug|x86.Build.0 = Debug|Win32
		{37012748-AB8D-42E3-ACBC-66B75172F689}.Release|x64.ActiveCfg = Release|x64
		{37012748-AB8D-42E3-ACBC-66B75172F689}.Release|x64.Build.0 = Release|x64
		{37012748-AB8D-42E3-ACBC-66B75172F689}.Release|x86.ActiveCfg = Release|Win32
		{37012748-AB8D-42E3-ACBC-66B75172F689}.Release|x86.Build.0 = Release|Win32
		{86FA3D1F-DF80-4BC7-A96D-9D587ACC74D9}.Debug|x64.ActiveCfg = Debug
		{86FA3D1F-DF80-4BC7-A96D-9D587ACC74D9}.Debug|x86.ActiveCfg = Debug
		{86FA3D1F-DF80-4BC7-A96D-9D587ACC74D9}.Release|x64.ActiveCfg = Release
		{86FA3D1F-DF80-4BC7-A96D-9D587ACC74D9}.Release|x86.ActiveCfg = Release
		{3D897351-F6CD-4AEF-B7A9-41F8C552DAA4}.Debug|x64.ActiveCfg = Debug
		{3D897351-F6CD-4AEF-B7A9-41F8C552DAA4}.Debug|x86.ActiveCfg = Debug
		{3D897351-F6CD-4AEF-B7A9-41F8C552DAA4}.Release|x64.ActiveCfg = Release
		{3D897351-F6CD-4AEF-B7A9-41F8C552DAA4}.Release|x86.ActiveCfg = Release
	EndGlobalSection
	GlobalSection(SolutionProperties) = preSolution
		HideSolutionNode = FALSE
	EndGlobalSection
	GlobalSection(ExtensibilityGlobals) = postSolution
		SolutionGuid = {8E60AC53-01F5-432D-9E51-25469C0747FC}
	EndGlobalSection
EndGlobal
